{
  "requires": true,
  "lockfileVersion": 1,
  "dependencies": {
    "angular": {
      "version": "1.5.5",
      "resolved": "https://registry.npmjs.org/angular/-/angular-1.5.5.tgz",
      "integrity": "sha1-Z4/f0cnEc2jdICx/yLs71NuhfBg="
    },
    "bootstrap": {
      "version": "3.3.7",
      "resolved": "https://registry.npmjs.org/bootstrap/-/bootstrap-3.3.7.tgz",
      "integrity": "sha1-WjiTlFSfIzMIdaOxUGVldPip63E="
    }
  }
}
